// !$*UTF8*$!
{
	archiveVersion = 1;
	classes = {
	};
	objectVersion = 50;
	objects = {

/* Begin PBXBuildFile section */
		38F0EEBC21118ECC00D08382 /* AppDelegate.swift in Sources */ = {isa = PBXBuildFile; fileRef = 38F0EEBB21118ECC00D08382 /* AppDelegate.swift */; };
		38F0EEBE21118ECC00D08382 /* GMMapViewController.swift in Sources */ = {isa = PBXBuildFile; fileRef = 38F0EEBD21118ECC00D08382 /* GMMapViewController.swift */; };
		38F0EEC121118ECC00D08382 /* Main.storyboard in Resources */ = {isa = PBXBuildFile; fileRef = 38F0EEBF21118ECC00D08382 /* Main.storyboard */; };
		38F0EEC321118ED000D08382 /* Assets.xcassets in Resources */ = {isa = PBXBuildFile; fileRef = 38F0EEC221118ED000D08382 /* Assets.xcassets */; };
		38F0EEC621118ED000D08382 /* LaunchScreen.storyboard in Resources */ = {isa = PBXBuildFile; fileRef = 38F0EEC421118ED000D08382 /* LaunchScreen.storyboard */; };
		38F0EECE2111B47700D08382 /* MKMapViewController.swift in Sources */ = {isa = PBXBuildFile; fileRef = 38F0EECD2111B47700D08382 /* MKMapViewController.swift */; };
		7E04DE7CD6D025D1182609F8 /* Pods_AppleMapNavigation.framework in Frameworks */ = {isa = PBXBuildFile; fileRef = E46525BAC356A0A473D9D4D3 /* Pods_AppleMapNavigation.framework */; };
/* End PBXBuildFile section */

/* Begin PBXFileReference section */
		38F0EEB821118ECC00D08382 /* AppleMapNavigation.app */ = {isa = PBXFileReference; explicitFileType = wrapper.application; includeInIndex = 0; path = AppleMapNavigation.app; sourceTree = BUILT_PRODUCTS_DIR; };
		38F0EEBB21118ECC00D08382 /* AppDelegate.swift */ = {isa = PBXFileReference; lastKnownFileType = sourcecode.swift; path = AppDelegate.swift; sourceTree = "<group>"; };
		38F0EEBD21118ECC00D08382 /* GMMapViewController.swift */ = {isa = PBXFileReference; lastKnownFileType = sourcecode.swift; path = GMMapViewController.swift; sourceTree = "<group>"; };
		38F0EEC021118ECC00D08382 /* Base */ = {isa = PBXFileReference; lastKnownFileType = file.storyboard; name = Base; path = Base.lproj/Main.storyboard; sourceTree = "<group>"; };
		38F0EEC221118ED000D08382 /* Assets.xcassets */ = {isa = PBXFileReference; lastKnownFileType = folder.assetcatalog; path = Assets.xcassets; sourceTree = "<group>"; };
		38F0EEC521118ED000D08382 /* Base */ = {isa = PBXFileReference; lastKnownFileType = file.storyboard; name = Base; path = Base.lproj/LaunchScreen.storyboard; sourceTree = "<group>"; };
		38F0EEC721118ED000D08382 /* Info.plist */ = {isa = PBXFileReference; lastKnownFileType = text.plist.xml; path = Info.plist; sourceTree = "<group>"; };
		38F0EECD2111B47700D08382 /* MKMapViewController.swift */ = {isa = PBXFileReference; lastKnownFileType = sourcecode.swift; path = MKMapViewController.swift; sourceTree = "<group>"; };
		A84F279273480135012DC670 /* Pods-AppleMapNavigation.release.xcconfig */ = {isa = PBXFileReference; includeInIndex = 1; lastKnownFileType = text.xcconfig; name = "Pods-AppleMapNavigation.release.xcconfig"; path = "Pods/Target Support Files/Pods-AppleMapNavigation/Pods-AppleMapNavigation.release.xcconfig"; sourceTree = "<group>"; };
		E46525BAC356A0A473D9D4D3 /* Pods_AppleMapNavigation.framework */ = {isa = PBXFileReference; explicitFileType = wrapper.framework; includeInIndex = 0; path = Pods_AppleMapNavigation.framework; sourceTree = BUILT_PRODUCTS_DIR; };
		EEC3E3A792EED96928CD8708 /* Pods-AppleMapNavigation.debug.xcconfig */ = {isa = PBXFileReference; includeInIndex = 1; lastKnownFileType = text.xcconfig; name = "Pods-AppleMapNavigation.debug.xcconfig"; path = "Pods/Target Support Files/Pods-AppleMapNavigation/Pods-AppleMapNavigation.debug.xcconfig"; sourceTree = "<group>"; };
/* End PBXFileReference section */

/* Begin PBXFrameworksBuildPhase section */
		38F0EEB521118ECC00D08382 /* Frameworks */ = {
			isa = PBXFrameworksBuildPhase;
			buildActionMask = 2147483647;
			files = (
				7E04DE7CD6D025D1182609F8 /* Pods_AppleMapNavigation.framework in Frameworks */,
			);
			runOnlyForDeploymentPostprocessing = 0;
		};
/* End PBXFrameworksBuildPhase section */

/* Begin PBXGroup section */
		38F0EEAF21118ECC00D08382 = {
			isa = PBXGroup;
			children = (
				38F0EEBA21118ECC00D08382 /* AppleMapNavigation */,
				38F0EEB921118ECC00D08382 /* Products */,
				7B3A694C69F7829FB9E68D6A /* Pods */,
				B8854B50E1956130E24AA8FD /* Frameworks */,
			);
			sourceTree = "<group>";
		};
		38F0EEB921118ECC00D08382 /* Products */ = {
			isa = PBXGroup;
			children = (
				38F0EEB821118ECC00D08382 /* AppleMapNavigation.app */,
			);
			name = Products;
			sourceTree = "<group>";
		};
		38F0EEBA21118ECC00D08382 /* AppleMapNavigation */ = {
			isa = PBXGroup;
			children = (
				38F0EEBB21118ECC00D08382 /* AppDelegate.swift */,
				38F0EEBD21118ECC00D08382 /* GMMapViewController.swift */,
				38F0EECD2111B47700D08382 /* MKMapViewController.swift */,
				38F0EEBF21118ECC00D08382 /* Main.storyboard */,
				38F0EEC221118ED000D08382 /* Assets.xcassets */,
				38F0EEC421118ED000D08382 /* LaunchScreen.storyboard */,
				38F0EEC721118ED000D08382 /* Info.plist */,
			);
			path = AppleMapNavigation;
			sourceTree = "<group>";
		};
		7B3A694C69F7829FB9E68D6A /* Pods */ = {
			isa = PBXGroup;
			children = (
				EEC3E3A792EED96928CD8708 /* Pods-AppleMapNavigation.debug.xcconfig */,
				A84F279273480135012DC670 /* Pods-AppleMapNavigation.release.xcconfig */,
			);
			name = Pods;
			sourceTree = "<group>";
		};
		B8854B50E1956130E24AA8FD /* Frameworks */ = {
			isa = PBXGroup;
			children = (
				E46525BAC356A0A473D9D4D3 /* Pods_AppleMapNavigation.framework */,
			);
			name = Frameworks;
			sourceTree = "<group>";
		};
/* End PBXGroup section */

/* Begin PBXNativeTarget section */
		38F0EEB721118ECC00D08382 /* AppleMapNavigation */ = {
			isa = PBXNativeTarget;
			buildConfigurationList = 38F0EECA21118ED000D08382 /* Build configuration list for PBXNativeTarget "AppleMapNavigation" */;
			buildPhases = (
				DB68FF04AFAB4441104C715E /* [CP] Check Pods Manifest.lock */,
				38F0EEB421118ECC00D08382 /* Sources */,
				38F0EEB521118ECC00D08382 /* Frameworks */,
				38F0EEB621118ECC00D08382 /* Resources */,
				AC2CE610292123A799EB7E24 /* [CP] Copy Pods Resources */,
			);
			buildRules = (
			);
			dependencies = (
			);
			name = AppleMapNavigation;
			productName = AppleMapNavigation;
			productReference = 38F0EEB821118ECC00D08382 /* AppleMapNavigation.app */;
			productType = "com.apple.product-type.application";
		};
/* End PBXNativeTarget section */

/* Begin PBXProject section */
		38F0EEB021118ECC00D08382 /* Project object */ = {
			isa = PBXProject;
			attributes = {
				LastSwiftUpdateCheck = 0940;
				LastUpgradeCheck = 0940;
				ORGANIZATIONNAME = AbhishekShukla;
				TargetAttributes = {
					38F0EEB721118ECC00D08382 = {
						CreatedOnToolsVersion = 9.4.1;
					};
				};
			};
			buildConfigurationList = 38F0EEB321118ECC00D08382 /* Build configuration list for PBXProject "AppleMapNavigation" */;
			compatibilityVersion = "Xcode 9.3";
			developmentRegion = en;
			hasScannedForEncodings = 0;
			knownRegions = (
				en,
				Base,
			);
			mainGroup = 38F0EEAF21118ECC00D08382;
			productRefGroup = 38F0EEB921118ECC00D08382 /* Products */;
			projectDirPath = "";
			projectRoot = "";
			targets = (
				38F0EEB721118ECC00D08382 /* AppleMapNavigation */,
			);
		};
/* End PBXProject section */

/* Begin PBXResourcesBuildPhase section */
		38F0EEB621118ECC00D08382 /* Resources */ = {
			isa = PBXResourcesBuildPhase;
			buildActionMask = 2147483647;
			files = (
				38F0EEC621118ED000D08382 /* LaunchScreen.storyboard in Resources */,
				38F0EEC321118ED000D08382 /* Assets.xcassets in Resources */,
				38F0EEC121118ECC00D08382 /* Main.storyboard in Resources */,
			);
			runOnlyForDeploymentPostprocessing = 0;
		};
/* End PBXResourcesBuildPhase section */

/* Begin PBXShellScriptBuildPhase section */
		AC2CE610292123A799EB7E24 /* [CP] Copy Pods Resources */ = {
			isa = PBXShellScriptBuildPhase;
			buildActionMask = 2147483647;
			files = (
			);
			inputPaths = (
				"${SRCROOT}/Pods/Target Support Files/Pods-AppleMapNavigation/Pods-AppleMapNavigation-resources.sh",
				"${PODS_ROOT}/GoogleMaps/Maps/Frameworks/GoogleMaps.framework/Resources/GoogleMaps.bundle",
				"${PODS_ROOT}/GooglePlaces/Frameworks/GooglePlaces.framework/Resources/GooglePlaces.bundle",
			);
			name = "[CP] Copy Pods Resources";
			outputPaths = (
				"${TARGET_BUILD_DIR}/${UNLOCALIZED_RESOURCES_FOLDER_PATH}/GoogleMaps.bundle",
				"${TARGET_BUILD_DIR}/${UNLOCALIZED_RESOURCES_FOLDER_PATH}/GooglePlaces.bundle",
			);
			runOnlyForDeploymentPostprocessing = 0;
			shellPath = /bin/sh;
			shellScript = "\"${SRCROOT}/Pods/Target Support Files/Pods-AppleMapNavigation/Pods-AppleMapNavigation-resources.sh\"\n";
			showEnvVarsInLog = 0;
		};
		DB68FF04AFAB4441104C715E /* [CP] Check Pods Manifest.lock */ = {
			isa = PBXShellScriptBuildPhase;
			buildActionMask = 2147483647;
			files = (
			);
			inputPaths = (
				"${PODS_PODFILE_DIR_PATH}/Podfile.lock",
				"${PODS_ROOT}/Manifest.lock",
			);
			name = "[CP] Check Pods Manifest.lock";
			outputPaths = (
				"$(DERIVED_FILE_DIR)/Pods-AppleMapNavigation-checkManifestLockResult.txt",
			);
			runOnlyForDeploymentPostprocessing = 0;
			shellPath = /bin/sh;
			shellScript = "diff \"${PODS_PODFILE_DIR_PATH}/Podfile.lock\" \"${PODS_ROOT}/Manifest.lock\" > /dev/null\nif [ $? != 0 ] ; then\n    # print error to STDERR\n    echo \"error: The sandbox is not in sync with the Podfile.lock. Run 'pod install' or update your CocoaPods installation.\" >&2\n    exit 1\nfi\n# This output is used by Xcode 'outputs' to avoid re-running this script phase.\necho \"SUCCESS\" > \"${SCRIPT_OUTPUT_FILE_0}\"\n";
			showEnvVarsInLog = 0;
		};
/* End PBXShellScriptBuildPhase section */

/* Begin PBXSourcesBuildPhase section */
		38F0EEB421118ECC00D08382 /* Sources */ = {
			isa = PBXSourcesBuildPhase;
			buildActionMask = 2147483647;
			files = (
				38F0EEBE21118ECC00D08382 /* GMMapViewController.swift in Sources */,
				38F0EEBC21118ECC00D08382 /* AppDelegate.swift in Sources */,
				38F0EECE2111B47700D08382 /* MKMapViewController.swift in Sources */,
			);
			runOnlyForDeploymentPostprocessing = 0;
		};
/* End PBXSourcesBuildPhase section */

/* Begin PBXVariantGroup section */
		38F0EEBF21118ECC00D08382 /* Main.storyboard */ = {
			isa = PBXVariantGroup;
			children = (
				38F0EEC021118ECC00D08382 /* Base */,
			);
			name = Main.storyboard;
			sourceTree = "<group>";
		};
		38F0EEC421118ED000D08382 /* LaunchScreen.storyboard */ = {
			isa = PBXVariantGroup;
			children = (
				38F0EEC521118ED000D08382 /* Base */,
			);
			name = LaunchScreen.storyboard;
			sourceTree = "<group>";
		};
/* End PBXVariantGroup section */

/* Begin XCBuildConfiguration section */
		38F0EEC821118ED000D08382 /* Debug */ = {
			isa = XCBuildConfiguration;
			buildSettings = {
				ALWAYS_SEARCH_USER_PATHS = NO;
				CLANG_ANALYZER_NONNULL = YES;
				CLANG_ANALYZER_NUMBER_OBJECT_CONVERSION = YES_AGGRESSIVE;
				CLANG_CXX_LANGUAGE_STANDARD = "gnu++14";
				CLANG_CXX_LIBRARY = "libc++";
				CLANG_ENABLE_MODULES = YES;
				CLANG_ENABLE_OBJC_ARC = YES;
				CLANG_ENABLE_OBJC_WEAK = YES;
				CLANG_WARN_BLOCK_CAPTURE_AUTORELEASING = YES;
				CLANG_WARN_BOOL_CONVERSION = YES;
				CLANG_WARN_COMMA = YES;
				CLANG_WARN_CONSTANT_CONVERSION = YES;
				CLANG_WARN_DEPRECATED_OBJC_IMPLEMENTATIONS = YES;
				CLANG_WARN_DIRECT_OBJC_ISA_USAGE = YES_ERROR;
				CLANG_WARN_DOCUMENTATION_COMMENTS = YES;
				CLANG_WARN_EMPTY_BODY = YES;
				CLANG_WARN_ENUM_CONVERSION = YES;
				CLANG_WARN_INFINITE_RECURSION = YES;
				CLANG_WARN_INT_CONVERSION = YES;
				CLANG_WARN_NON_LITERAL_NULL_CONVERSION = YES;
				CLANG_WARN_OBJC_IMPLICIT_RETAIN_SELF = YES;
				CLANG_WARN_OBJC_LITERAL_CONVERSION = YES;
				CLANG_WARN_OBJC_ROOT_CLASS = YES_ERROR;
				CLANG_WARN_RANGE_LOOP_ANALYSIS = YES;
				CLANG_WARN_STRICT_PROTOTYPES = YES;
				CLANG_WARN_SUSPICIOUS_MOVE = YES;
				CLANG_WARN_UNGUARDED_AVAILABILITY = YES_AGGRESSIVE;
				CLANG_WARN_UNREACHABLE_CODE = YES;
				CLANG_WARN__DUPLICATE_METHOD_MATCH = YES;
				CODE_SIGN_IDENTITY = "iPhone Developer";
				COPY_PHASE_STRIP = NO;
				DEBUG_INFORMATION_FORMAT = dwarf;
				ENABLE_STRICT_OBJC_MSGSEND = YES;
				ENABLE_TESTABILITY = YES;
				GCC_C_LANGUAGE_STANDARD = gnu11;
				GCC_DYNAMIC_NO_PIC = NO;
				GCC_NO_COMMON_BLOCKS = YES;
				GCC_OPTIMIZATION_LEVEL = 0;
				GCC_PREPROCESSOR_DEFINITIONS = (
					"DEBUG=1",
					"$(inherited)",
				);
				GCC_WARN_64_TO_32_BIT_CONVERSION = YES;
				GCC_WARN_ABOUT_RETURN_TYPE = YES_ERROR;
				GCC_WARN_UNDECLARED_SELECTOR = YES;
				GCC_WARN_UNINITIALIZED_AUTOS = YES_AGGRESSIVE;
				GCC_WARN_UNUSED_FUNCTION = YES;
				GCC_WARN_UNUSED_VARIABLE = YES;
				IPHONEOS_DEPLOYMENT_TARGET = 11.4;
				MTL_ENABLE_DEBUG_INFO = YES;
				ONLY_ACTIVE_ARCH = YES;
				SDKROOT = iphoneos;
				SWIFT_ACTIVE_COMPILATION_CONDITIONS = DEBUG;
				SWIFT_OPTIMIZATION_LEVEL = "-Onone";
			};
			name = Debug;
		};
		38F0EEC921118ED000D08382 /* Release */ = {
			isa = XCBuildConfiguration;
			buildSettings = {
				ALWAYS_SEARCH_USER_PATHS = NO;
				CLANG_ANALYZER_NONNULL = YES;
				CLANG_ANALYZER_NUMBER_OBJECT_CONVERSION = YES_AGGRESSIVE;
				CLANG_CXX_LANGUAGE_STANDARD = "gnu++14";
				CLANG_CXX_LIBRARY = "libc++";
				CLANG_ENABLE_MODULES = YES;
				CLANG_ENABLE_OBJC_ARC = YES;
				CLANG_ENABLE_OBJC_WEAK = YES;
				CLANG_WARN_BLOCK_CAPTURE_AUTORELEASING = YES;
				CLANG_WARN_BOOL_CONVERSION = YES;
				CLANG_WARN_COMMA = YES;
				CLANG_WARN_CONSTANT_CONVERSION = YES;
				CLANG_WARN_DEPRECATED_OBJC_IMPLEMENTATIONS = YES;
				CLANG_WARN_DIRECT_OBJC_ISA_USAGE = YES_ERROR;
				CLANG_WARN_DOCUMENTATION_COMMENTS = YES;
				CLANG_WARN_EMPTY_BODY = YES;
				CLANG_WARN_ENUM_CONVERSION = YES;
				CLANG_WARN_INFINITE_RECURSION = YES;
				CLANG_WARN_INT_CONVERSION = YES;
				CLANG_WARN_NON_LITERAL_NULL_CONVERSION = YES;
				CLANG_WARN_OBJC_IMPLICIT_RETAIN_SELF = YES;
				CLANG_WARN_OBJC_LITERAL_CONVERSION = YES;
				CLANG_WARN_OBJC_ROOT_CLASS = YES_ERROR;
				CLANG_WARN_RANGE_LOOP_ANALYSIS = YES;
				CLANG_WARN_STRICT_PROTOTYPES = YES;
				CLANG_WARN_SUSPICIOUS_MOVE = YES;
				CLANG_WARN_UNGUARDED_AVAILABILITY = YES_AGGRESSIVE;
				CLANG_WARN_UNREACHABLE_CODE = YES;
				CLANG_WARN__DUPLICATE_METHOD_MATCH = YES;
				CODE_SIGN_IDENTITY = "iPhone Developer";
				COPY_PHASE_STRIP = NO;
				DEBUG_INFORMATION_FORMAT = "dwarf-with-dsym";
				ENABLE_NS_ASSERTIONS = NO;
				ENABLE_STRICT_OBJC_MSGSEND = YES;
				GCC_C_LANGUAGE_STANDARD = gnu11;
				GCC_NO_COMMON_BLOCKS = YES;
				GCC_WARN_64_TO_32_BIT_CONVERSION = YES;
				GCC_WARN_ABOUT_RETURN_TYPE = YES_ERROR;
				GCC_WARN_UNDECLARED_SELECTOR = YES;
				GCC_WARN_UNINITIALIZED_AUTOS = YES_AGGRESSIVE;
				GCC_WARN_UNUSED_FUNCTION = YES;
				GCC_WARN_UNUSED_VARIABLE = YES;
				IPHONEOS_DEPLOYMENT_TARGET = 11.4;
				MTL_ENABLE_DEBUG_INFO = NO;
				SDKROOT = iphoneos;
				SWIFT_COMPILATION_MODE = wholemodule;
				SWIFT_OPTIMIZATION_LEVEL = "-O";
				VALIDATE_PRODUCT = YES;
			};
			name = Release;
		};
		38F0EECB21118ED000D08382 /* Debug */ = {
			isa = XCBuildConfiguration;
			baseConfigurationReference = EEC3E3A792EED96928CD8708 /* Pods-AppleMapNavigation.debug.xcconfig */;
			buildSettings = {
				ASSETCATALOG_COMPILER_APPICON_NAME = AppIcon;
				CODE_SIGN_STYLE = Automatic;
				DEVELOPMENT_TEAM = LL58DR37V3;
				INFOPLIST_FILE = AppleMapNavigation/Info.plist;
				LD_RUNPATH_SEARCH_PATHS = (
					"$(inherited)",
					"@executable_path/Frameworks",
				);
				PRODUCT_BUNDLE_IDENTIFIER = Home.AppleMapNavigation;
				PRODUCT_NAME = "$(TARGET_NAME)";
				SWIFT_VERSION = 4.0;
				TARGETED_DEVICE_FAMILY = "1,2";
			};
			name = Debug;
		};
		38F0EECC21118ED000D08382 /* Release */ = {
			isa = XCBuildConfiguration;
			baseConfigurationReference = A84F279273480135012DC670 /* Pods-AppleMapNavigation.release.xcconfig */;
			buildSettings = {
				ASSETCATALOG_COMPILER_APPICON_NAME = AppIcon;
				CODE_SIGN_STYLE = Automatic;
				DEVELOPMENT_TEAM = LL58DR37V3;
				INFOPLIST_FILE = AppleMapNavigation/Info.plist;
				LD_RUNPATH_SEARCH_PATHS = (
					"$(inherited)",
					"@executable_path/Frameworks",
				);
				PRODUCT_BUNDLE_IDENTIFIER = Home.AppleMapNavigation;
				PRODUCT_NAME = "$(TARGET_NAME)";
				SWIFT_VERSION = 4.0;
				TARGETED_DEVICE_FAMILY = "1,2";
			};
			name = Release;
		};
/* End XCBuildConfiguration section */

/* Begin XCConfigurationList section */
		38F0EEB321118ECC00D08382 /* Build configuration list for PBXProject "AppleMapNavigation" */ = {
			isa = XCConfigurationList;
			buildConfigurations = (
				38F0EEC821118ED000D08382 /* Debug */,
				38F0EEC921118ED000D08382 /* Release */,
			);
			defaultConfigurationIsVisible = 0;
			defaultConfigurationName = Release;
		};
		38F0EECA21118ED000D08382 /* Build configuration list for PBXNativeTarget "AppleMapNavigation" */ = {
			isa = XCConfigurationList;
			buildConfigurations = (
				38F0EECB21118ED000D08382 /* Debug */,
				38F0EECC21118ED000D08382 /* Release */,
			);
			defaultConfigurationIsVisible = 0;
			defaultConfigurationName = Release;
		};
/* End XCConfigurationList section */
	};
	rootObject = 38F0EEB021118ECC00D08382 /* Project object */;
}
