// !$*UTF8*$!
{
	archiveVersion = 1;
	classes = {
	};
	objectVersion = 50;
	objects = {

/* Begin PBXBuildFile section */
		38622E8C212BF36C00257D58 /* AppDelegate.swift in Sources */ = {isa = PBXBuildFile; fileRef = 38622E8B212BF36C00257D58 /* AppDelegate.swift */; };
		38622E8E212BF36C00257D58 /* ViewController.swift in Sources */ = {isa = PBXBuildFile; fileRef = 38622E8D212BF36C00257D58 /* ViewController.swift */; };
		38622E91212BF36C00257D58 /* Main.storyboard in Resources */ = {isa = PBXBuildFile; fileRef = 38622E8F212BF36C00257D58 /* Main.storyboard */; };
		38622E93212BF36E00257D58 /* Assets.xcassets in Resources */ = {isa = PBXBuildFile; fileRef = 38622E92212BF36E00257D58 /* Assets.xcassets */; };
		38622E96212BF36E00257D58 /* LaunchScreen.storyboard in Resources */ = {isa = PBXBuildFile; fileRef = 38622E94212BF36E00257D58 /* LaunchScreen.storyboard */; };
		38622E9E212BF76C00257D58 /* CoreDataStack.swift in Sources */ = {isa = PBXBuildFile; fileRef = 38622E9D212BF76C00257D58 /* CoreDataStack.swift */; };
		51113E30212C329F00CB7115 /* Device+CoreDataProperties.swift in Sources */ = {isa = PBXBuildFile; fileRef = 51113E2F212C329F00CB7115 /* Device+CoreDataProperties.swift */; };
		51CE4847212C222800533CA0 /* myDevices.xcdatamodeld in Sources */ = {isa = PBXBuildFile; fileRef = 51CE4845212C222800533CA0 /* myDevices.xcdatamodeld */; };
		51CE484C212C233500533CA0 /* Person+CoreDataClass.swift in Sources */ = {isa = PBXBuildFile; fileRef = 51CE4848212C233500533CA0 /* Person+CoreDataClass.swift */; };
		51CE484D212C233500533CA0 /* Person+CoreDataProperties.swift in Sources */ = {isa = PBXBuildFile; fileRef = 51CE4849212C233500533CA0 /* Person+CoreDataProperties.swift */; };
		51CE484E212C233500533CA0 /* Device+CoreDataClass.swift in Sources */ = {isa = PBXBuildFile; fileRef = 51CE484A212C233500533CA0 /* Device+CoreDataClass.swift */; };
/* End PBXBuildFile section */

/* Begin PBXFileReference section */
		38622E88212BF36C00257D58 /* CoreData_Intermediate.app */ = {isa = PBXFileReference; explicitFileType = wrapper.application; includeInIndex = 0; path = CoreData_Intermediate.app; sourceTree = BUILT_PRODUCTS_DIR; };
		38622E8B212BF36C00257D58 /* AppDelegate.swift */ = {isa = PBXFileReference; lastKnownFileType = sourcecode.swift; path = AppDelegate.swift; sourceTree = "<group>"; };
		38622E8D212BF36C00257D58 /* ViewController.swift */ = {isa = PBXFileReference; lastKnownFileType = sourcecode.swift; path = ViewController.swift; sourceTree = "<group>"; };
		38622E90212BF36C00257D58 /* Base */ = {isa = PBXFileReference; lastKnownFileType = file.storyboard; name = Base; path = Base.lproj/Main.storyboard; sourceTree = "<group>"; };
		38622E92212BF36E00257D58 /* Assets.xcassets */ = {isa = PBXFileReference; lastKnownFileType = folder.assetcatalog; path = Assets.xcassets; sourceTree = "<group>"; };
		38622E95212BF36E00257D58 /* Base */ = {isa = PBXFileReference; lastKnownFileType = file.storyboard; name = Base; path = Base.lproj/LaunchScreen.storyboard; sourceTree = "<group>"; };
		38622E97212BF36E00257D58 /* Info.plist */ = {isa = PBXFileReference; lastKnownFileType = text.plist.xml; path = Info.plist; sourceTree = "<group>"; };
		38622E9D212BF76C00257D58 /* CoreDataStack.swift */ = {isa = PBXFileReference; lastKnownFileType = sourcecode.swift; path = CoreDataStack.swift; sourceTree = "<group>"; };
		51113E2F212C329F00CB7115 /* Device+CoreDataProperties.swift */ = {isa = PBXFileReference; lastKnownFileType = sourcecode.swift; path = "Device+CoreDataProperties.swift"; sourceTree = "<group>"; };
		51CE4846212C222800533CA0 /* myDevices.xcdatamodel */ = {isa = PBXFileReference; lastKnownFileType = wrapper.xcdatamodel; path = myDevices.xcdatamodel; sourceTree = "<group>"; };
		51CE4848212C233500533CA0 /* Person+CoreDataClass.swift */ = {isa = PBXFileReference; lastKnownFileType = sourcecode.swift; path = "Person+CoreDataClass.swift"; sourceTree = "<group>"; };
		51CE4849212C233500533CA0 /* Person+CoreDataProperties.swift */ = {isa = PBXFileReference; lastKnownFileType = sourcecode.swift; path = "Person+CoreDataProperties.swift"; sourceTree = "<group>"; };
		51CE484A212C233500533CA0 /* Device+CoreDataClass.swift */ = {isa = PBXFileReference; lastKnownFileType = sourcecode.swift; path = "Device+CoreDataClass.swift"; sourceTree = "<group>"; };
/* End PBXFileReference section */

/* Begin PBXFrameworksBuildPhase section */
		38622E85212BF36C00257D58 /* Frameworks */ = {
			isa = PBXFrameworksBuildPhase;
			buildActionMask = 2147483647;
			files = (
			);
			runOnlyForDeploymentPostprocessing = 0;
		};
/* End PBXFrameworksBuildPhase section */

/* Begin PBXGroup section */
		38622E7F212BF36C00257D58 = {
			isa = PBXGroup;
			children = (
				38622E8A212BF36C00257D58 /* CoreData_Intermediate */,
				38622E89212BF36C00257D58 /* Products */,
			);
			sourceTree = "<group>";
		};
		38622E89212BF36C00257D58 /* Products */ = {
			isa = PBXGroup;
			children = (
				38622E88212BF36C00257D58 /* CoreData_Intermediate.app */,
			);
			name = Products;
			sourceTree = "<group>";
		};
		38622E8A212BF36C00257D58 /* CoreData_Intermediate */ = {
			isa = PBXGroup;
			children = (
				51CE4848212C233500533CA0 /* Person+CoreDataClass.swift */,
				51CE4849212C233500533CA0 /* Person+CoreDataProperties.swift */,
				51CE484A212C233500533CA0 /* Device+CoreDataClass.swift */,
				51113E2F212C329F00CB7115 /* Device+CoreDataProperties.swift */,
				38622E8B212BF36C00257D58 /* AppDelegate.swift */,
				38622E8D212BF36C00257D58 /* ViewController.swift */,
				38622E9D212BF76C00257D58 /* CoreDataStack.swift */,
				38622E8F212BF36C00257D58 /* Main.storyboard */,
				38622E92212BF36E00257D58 /* Assets.xcassets */,
				38622E94212BF36E00257D58 /* LaunchScreen.storyboard */,
				38622E97212BF36E00257D58 /* Info.plist */,
				51CE4845212C222800533CA0 /* myDevices.xcdatamodeld */,
			);
			path = CoreData_Intermediate;
			sourceTree = "<group>";
		};
/* End PBXGroup section */

/* Begin PBXNativeTarget section */
		38622E87212BF36C00257D58 /* CoreData_Intermediate */ = {
			isa = PBXNativeTarget;
			buildConfigurationList = 38622E9A212BF36E00257D58 /* Build configuration list for PBXNativeTarget "CoreData_Intermediate" */;
			buildPhases = (
				38622E84212BF36C00257D58 /* Sources */,
				38622E85212BF36C00257D58 /* Frameworks */,
				38622E86212BF36C00257D58 /* Resources */,
			);
			buildRules = (
			);
			dependencies = (
			);
			name = CoreData_Intermediate;
			productName = CoreData_Intermediate;
			productReference = 38622E88212BF36C00257D58 /* CoreData_Intermediate.app */;
			productType = "com.apple.product-type.application";
		};
/* End PBXNativeTarget section */

/* Begin PBXProject section */
		38622E80212BF36C00257D58 /* Project object */ = {
			isa = PBXProject;
			attributes = {
				LastSwiftUpdateCheck = 0940;
				LastUpgradeCheck = 0940;
				ORGANIZATIONNAME = AbhishekShukla;
				TargetAttributes = {
					38622E87212BF36C00257D58 = {
						CreatedOnToolsVersion = 9.4.1;
					};
				};
			};
			buildConfigurationList = 38622E83212BF36C00257D58 /* Build configuration list for PBXProject "CoreData_Intermediate" */;
			compatibilityVersion = "Xcode 9.3";
			developmentRegion = en;
			hasScannedForEncodings = 0;
			knownRegions = (
				en,
				Base,
			);
			mainGroup = 38622E7F212BF36C00257D58;
			productRefGroup = 38622E89212BF36C00257D58 /* Products */;
			projectDirPath = "";
			projectRoot = "";
			targets = (
				38622E87212BF36C00257D58 /* CoreData_Intermediate */,
			);
		};
/* End PBXProject section */

/* Begin PBXResourcesBuildPhase section */
		38622E86212BF36C00257D58 /* Resources */ = {
			isa = PBXResourcesBuildPhase;
			buildActionMask = 2147483647;
			files = (
				38622E96212BF36E00257D58 /* LaunchScreen.storyboard in Resources */,
				38622E93212BF36E00257D58 /* Assets.xcassets in Resources */,
				38622E91212BF36C00257D58 /* Main.storyboard in Resources */,
			);
			runOnlyForDeploymentPostprocessing = 0;
		};
/* End PBXResourcesBuildPhase section */

/* Begin PBXSourcesBuildPhase section */
		38622E84212BF36C00257D58 /* Sources */ = {
			isa = PBXSourcesBuildPhase;
			buildActionMask = 2147483647;
			files = (
				38622E9E212BF76C00257D58 /* CoreDataStack.swift in Sources */,
				38622E8E212BF36C00257D58 /* ViewController.swift in Sources */,
				51CE484D212C233500533CA0 /* Person+CoreDataProperties.swift in Sources */,
				51CE484E212C233500533CA0 /* Device+CoreDataClass.swift in Sources */,
				51CE484C212C233500533CA0 /* Person+CoreDataClass.swift in Sources */,
				51113E30212C329F00CB7115 /* Device+CoreDataProperties.swift in Sources */,
				38622E8C212BF36C00257D58 /* AppDelegate.swift in Sources */,
				51CE4847212C222800533CA0 /* myDevices.xcdatamodeld in Sources */,
			);
			runOnlyForDeploymentPostprocessing = 0;
		};
/* End PBXSourcesBuildPhase section */

/* Begin PBXVariantGroup section */
		38622E8F212BF36C00257D58 /* Main.storyboard */ = {
			isa = PBXVariantGroup;
			children = (
				38622E90212BF36C00257D58 /* Base */,
			);
			name = Main.storyboard;
			sourceTree = "<group>";
		};
		38622E94212BF36E00257D58 /* LaunchScreen.storyboard */ = {
			isa = PBXVariantGroup;
			children = (
				38622E95212BF36E00257D58 /* Base */,
			);
			name = LaunchScreen.storyboard;
			sourceTree = "<group>";
		};
/* End PBXVariantGroup section */

/* Begin XCBuildConfiguration section */
		38622E98212BF36E00257D58 /* Debug */ = {
			isa = XCBuildConfiguration;
			buildSettings = {
				ALWAYS_SEARCH_USER_PATHS = NO;
				CLANG_ANALYZER_NONNULL = YES;
				CLANG_ANALYZER_NUMBER_OBJECT_CONVERSION = YES_AGGRESSIVE;
				CLANG_CXX_LANGUAGE_STANDARD = "gnu++14";
				CLANG_CXX_LIBRARY = "libc++";
				CLANG_ENABLE_MODULES = YES;
				CLANG_ENABLE_OBJC_ARC = YES;
				CLANG_ENABLE_OBJC_WEAK = YES;
				CLANG_WARN_BLOCK_CAPTURE_AUTORELEASING = YES;
				CLANG_WARN_BOOL_CONVERSION = YES;
				CLANG_WARN_COMMA = YES;
				CLANG_WARN_CONSTANT_CONVERSION = YES;
				CLANG_WARN_DEPRECATED_OBJC_IMPLEMENTATIONS = YES;
				CLANG_WARN_DIRECT_OBJC_ISA_USAGE = YES_ERROR;
				CLANG_WARN_DOCUMENTATION_COMMENTS = YES;
				CLANG_WARN_EMPTY_BODY = YES;
				CLANG_WARN_ENUM_CONVERSION = YES;
				CLANG_WARN_INFINITE_RECURSION = YES;
				CLANG_WARN_INT_CONVERSION = YES;
				CLANG_WARN_NON_LITERAL_NULL_CONVERSION = YES;
				CLANG_WARN_OBJC_IMPLICIT_RETAIN_SELF = YES;
				CLANG_WARN_OBJC_LITERAL_CONVERSION = YES;
				CLANG_WARN_OBJC_ROOT_CLASS = YES_ERROR;
				CLANG_WARN_RANGE_LOOP_ANALYSIS = YES;
				CLANG_WARN_STRICT_PROTOTYPES = YES;
				CLANG_WARN_SUSPICIOUS_MOVE = YES;
				CLANG_WARN_UNGUARDED_AVAILABILITY = YES_AGGRESSIVE;
				CLANG_WARN_UNREACHABLE_CODE = YES;
				CLANG_WARN__DUPLICATE_METHOD_MATCH = YES;
				CODE_SIGN_IDENTITY = "iPhone Developer";
				COPY_PHASE_STRIP = NO;
				DEBUG_INFORMATION_FORMAT = dwarf;
				ENABLE_STRICT_OBJC_MSGSEND = YES;
				ENABLE_TESTABILITY = YES;
				GCC_C_LANGUAGE_STANDARD = gnu11;
				GCC_DYNAMIC_NO_PIC = NO;
				GCC_NO_COMMON_BLOCKS = YES;
				GCC_OPTIMIZATION_LEVEL = 0;
				GCC_PREPROCESSOR_DEFINITIONS = (
					"DEBUG=1",
					"$(inherited)",
				);
				GCC_WARN_64_TO_32_BIT_CONVERSION = YES;
				GCC_WARN_ABOUT_RETURN_TYPE = YES_ERROR;
				GCC_WARN_UNDECLARED_SELECTOR = YES;
				GCC_WARN_UNINITIALIZED_AUTOS = YES_AGGRESSIVE;
				GCC_WARN_UNUSED_FUNCTION = YES;
				GCC_WARN_UNUSED_VARIABLE = YES;
				IPHONEOS_DEPLOYMENT_TARGET = 11.4;
				MTL_ENABLE_DEBUG_INFO = YES;
				ONLY_ACTIVE_ARCH = YES;
				SDKROOT = iphoneos;
				SWIFT_ACTIVE_COMPILATION_CONDITIONS = DEBUG;
				SWIFT_OPTIMIZATION_LEVEL = "-Onone";
			};
			name = Debug;
		};
		38622E99212BF36E00257D58 /* Release */ = {
			isa = XCBuildConfiguration;
			buildSettings = {
				ALWAYS_SEARCH_USER_PATHS = NO;
				CLANG_ANALYZER_NONNULL = YES;
				CLANG_ANALYZER_NUMBER_OBJECT_CONVERSION = YES_AGGRESSIVE;
				CLANG_CXX_LANGUAGE_STANDARD = "gnu++14";
				CLANG_CXX_LIBRARY = "libc++";
				CLANG_ENABLE_MODULES = YES;
				CLANG_ENABLE_OBJC_ARC = YES;
				CLANG_ENABLE_OBJC_WEAK = YES;
				CLANG_WARN_BLOCK_CAPTURE_AUTORELEASING = YES;
				CLANG_WARN_BOOL_CONVERSION = YES;
				CLANG_WARN_COMMA = YES;
				CLANG_WARN_CONSTANT_CONVERSION = YES;
				CLANG_WARN_DEPRECATED_OBJC_IMPLEMENTATIONS = YES;
				CLANG_WARN_DIRECT_OBJC_ISA_USAGE = YES_ERROR;
				CLANG_WARN_DOCUMENTATION_COMMENTS = YES;
				CLANG_WARN_EMPTY_BODY = YES;
				CLANG_WARN_ENUM_CONVERSION = YES;
				CLANG_WARN_INFINITE_RECURSION = YES;
				CLANG_WARN_INT_CONVERSION = YES;
				CLANG_WARN_NON_LITERAL_NULL_CONVERSION = YES;
				CLANG_WARN_OBJC_IMPLICIT_RETAIN_SELF = YES;
				CLANG_WARN_OBJC_LITERAL_CONVERSION = YES;
				CLANG_WARN_OBJC_ROOT_CLASS = YES_ERROR;
				CLANG_WARN_RANGE_LOOP_ANALYSIS = YES;
				CLANG_WARN_STRICT_PROTOTYPES = YES;
				CLANG_WARN_SUSPICIOUS_MOVE = YES;
				CLANG_WARN_UNGUARDED_AVAILABILITY = YES_AGGRESSIVE;
				CLANG_WARN_UNREACHABLE_CODE = YES;
				CLANG_WARN__DUPLICATE_METHOD_MATCH = YES;
				CODE_SIGN_IDENTITY = "iPhone Developer";
				COPY_PHASE_STRIP = NO;
				DEBUG_INFORMATION_FORMAT = "dwarf-with-dsym";
				ENABLE_NS_ASSERTIONS = NO;
				ENABLE_STRICT_OBJC_MSGSEND = YES;
				GCC_C_LANGUAGE_STANDARD = gnu11;
				GCC_NO_COMMON_BLOCKS = YES;
				GCC_WARN_64_TO_32_BIT_CONVERSION = YES;
				GCC_WARN_ABOUT_RETURN_TYPE = YES_ERROR;
				GCC_WARN_UNDECLARED_SELECTOR = YES;
				GCC_WARN_UNINITIALIZED_AUTOS = YES_AGGRESSIVE;
				GCC_WARN_UNUSED_FUNCTION = YES;
				GCC_WARN_UNUSED_VARIABLE = YES;
				IPHONEOS_DEPLOYMENT_TARGET = 11.4;
				MTL_ENABLE_DEBUG_INFO = NO;
				SDKROOT = iphoneos;
				SWIFT_COMPILATION_MODE = wholemodule;
				SWIFT_OPTIMIZATION_LEVEL = "-O";
				VALIDATE_PRODUCT = YES;
			};
			name = Release;
		};
		38622E9B212BF36E00257D58 /* Debug */ = {
			isa = XCBuildConfiguration;
			buildSettings = {
				ASSETCATALOG_COMPILER_APPICON_NAME = AppIcon;
				CODE_SIGN_STYLE = Automatic;
				DEVELOPMENT_TEAM = 92K5DQDVXM;
				INFOPLIST_FILE = CoreData_Intermediate/Info.plist;
				LD_RUNPATH_SEARCH_PATHS = (
					"$(inherited)",
					"@executable_path/Frameworks",
				);
				PRODUCT_BUNDLE_IDENTIFIER = "Home.CoreData-Intermediate";
				PRODUCT_NAME = "$(TARGET_NAME)";
				SWIFT_VERSION = 4.0;
				TARGETED_DEVICE_FAMILY = "1,2";
			};
			name = Debug;
		};
		38622E9C212BF36E00257D58 /* Release */ = {
			isa = XCBuildConfiguration;
			buildSettings = {
				ASSETCATALOG_COMPILER_APPICON_NAME = AppIcon;
				CODE_SIGN_STYLE = Automatic;
				DEVELOPMENT_TEAM = 92K5DQDVXM;
				INFOPLIST_FILE = CoreData_Intermediate/Info.plist;
				LD_RUNPATH_SEARCH_PATHS = (
					"$(inherited)",
					"@executable_path/Frameworks",
				);
				PRODUCT_BUNDLE_IDENTIFIER = "Home.CoreData-Intermediate";
				PRODUCT_NAME = "$(TARGET_NAME)";
				SWIFT_VERSION = 4.0;
				TARGETED_DEVICE_FAMILY = "1,2";
			};
			name = Release;
		};
/* End XCBuildConfiguration section */

/* Begin XCConfigurationList section */
		38622E83212BF36C00257D58 /* Build configuration list for PBXProject "CoreData_Intermediate" */ = {
			isa = XCConfigurationList;
			buildConfigurations = (
				38622E98212BF36E00257D58 /* Debug */,
				38622E99212BF36E00257D58 /* Release */,
			);
			defaultConfigurationIsVisible = 0;
			defaultConfigurationName = Release;
		};
		38622E9A212BF36E00257D58 /* Build configuration list for PBXNativeTarget "CoreData_Intermediate" */ = {
			isa = XCConfigurationList;
			buildConfigurations = (
				38622E9B212BF36E00257D58 /* Debug */,
				38622E9C212BF36E00257D58 /* Release */,
			);
			defaultConfigurationIsVisible = 0;
			defaultConfigurationName = Release;
		};
/* End XCConfigurationList section */

/* Begin XCVersionGroup section */
		51CE4845212C222800533CA0 /* myDevices.xcdatamodeld */ = {
			isa = XCVersionGroup;
			children = (
				51CE4846212C222800533CA0 /* myDevices.xcdatamodel */,
			);
			currentVersion = 51CE4846212C222800533CA0 /* myDevices.xcdatamodel */;
			path = myDevices.xcdatamodeld;
			sourceTree = "<group>";
			versionGroupType = wrapper.xcdatamodel;
		};
/* End XCVersionGroup section */
	};
	rootObject = 38622E80212BF36C00257D58 /* Project object */;
}
